
Microsoft Visual Studio Solution File, Format Version 12.00
# Visual Studio Version 17
VisualStudioVersion = 17.0.31919.166
MinimumVisualStudioVersion = 10.0.40219.1
Project("{FAE04EC0-301F-11D3-BF4B-00C04F79EFBC}") = "FaceTetection", "FaceTetection.csproj", "{BA42BF8C-6EDA-4D57-A515-94EF5E23B7EE}"
EndProject
Global
	GlobalSection(SolutionConfigurationPlatforms) = preSolution
		Debug|Any CPU = Debug|Any CPU
		Release|Any CPU = Release|Any CPU
	EndGlobalSection
	GlobalSection(ProjectConfigurationPlatforms) = postSolution
		{BA42BF8C-6EDA-4D57-A515-94EF5E23B7EE}.Debug|Any CPU.ActiveCfg = Debug|Any CPU
		{BA42BF8C-6EDA-4D57-A515-94EF5E23B7EE}.Debug|Any CPU.Build.0 = Debug|Any CPU
		{BA42BF8C-6EDA-4D57-A515-94EF5E23B7EE}.Release|Any CPU.ActiveCfg = Release|Any CPU
		{BA42BF8C-6EDA-4D57-A515-94EF5E23B7EE}.Release|Any CPU.Build.0 = Release|Any CPU
	EndGlobalSection
	GlobalSection(SolutionProperties) = preSolution
		HideSolutionNode = FALSE
	EndGlobalSection
	GlobalSection(ExtensibilityGlobals) = postSolution
		SolutionGuid = {C57094A5-C5B5-4899-9745-0273B9C7E88D}
	EndGlobalSection
EndGlobal
